// !$*UTF8*$!
{
	archiveVersion = 1;
	classes = {
	};
	objectVersion = 77;
	objects = {

/* Begin PBXBuildFile section */
		17AA04A42DA0EF1E009F9905 /* StoreKit.framework in Frameworks */ = {isa = PBXBuildFile; fileRef = 17AA04A32DA0EF1E009F9905 /* StoreKit.framework */; };
/* End PBXBuildFile section */

/* Begin PBXContainerItemProxy section */
		17BC76052D9DB0E30044649D /* PBXContainerItemProxy */ = {
			isa = PBXContainerItemProxy;
			containerPortal = 17BC75E62D9DB0E10044649D /* Project object */;
			proxyType = 1;
			remoteGlobalIDString = 17BC75ED2D9DB0E10044649D;
			remoteInfo = CoreLaunch;
		};
		17BC760F2D9DB0E30044649D /* PBXContainerItemProxy */ = {
			isa = PBXContainerItemProxy;
			containerPortal = 17BC75E62D9DB0E10044649D /* Project object */;
			proxyType = 1;
			remoteGlobalIDString = 17BC75ED2D9DB0E10044649D;
			remoteInfo = CoreLaunch;
		};
/* End PBXContainerItemProxy section */

/* Begin PBXCopyFilesBuildPhase section */
		17C97BDA2D9F83D00024F08F /* Embed Foundation Extensions */ = {
			isa = PBXCopyFilesBuildPhase;
			buildActionMask = 2147483647;
			dstPath = "";
			dstSubfolderSpec = 13;
			files = (
			);
			name = "Embed Foundation Extensions";
			runOnlyForDeploymentPostprocessing = 0;
		};
/* End PBXCopyFilesBuildPhase section */

/* Begin PBXFileReference section */
		17AA04A32DA0EF1E009F9905 /* StoreKit.framework */ = {isa = PBXFileReference; lastKnownFileType = wrapper.framework; name = StoreKit.framework; path = System/Library/Frameworks/StoreKit.framework; sourceTree = SDKROOT; };
		17BC75EE2D9DB0E10044649D /* CoreLaunch.app */ = {isa = PBXFileReference; explicitFileType = wrapper.application; includeInIndex = 0; path = CoreLaunch.app; sourceTree = BUILT_PRODUCTS_DIR; };
		17BC76042D9DB0E30044649D /* CoreLaunchTests.xctest */ = {isa = PBXFileReference; explicitFileType = wrapper.cfbundle; includeInIndex = 0; path = CoreLaunchTests.xctest; sourceTree = BUILT_PRODUCTS_DIR; };
		17BC760E2D9DB0E30044649D /* CoreLaunchUITests.xctest */ = {isa = PBXFileReference; explicitFileType = wrapper.cfbundle; includeInIndex = 0; path = CoreLaunchUITests.xctest; sourceTree = BUILT_PRODUCTS_DIR; };
		17C97BC12D9F83CE0024F08F /* WidgetKit.framework */ = {isa = PBXFileReference; lastKnownFileType = wrapper.framework; name = WidgetKit.framework; path = System/Library/Frameworks/WidgetKit.framework; sourceTree = SDKROOT; };
		17C97BC32D9F83CE0024F08F /* SwiftUI.framework */ = {isa = PBXFileReference; lastKnownFileType = wrapper.framework; name = SwiftUI.framework; path = System/Library/Frameworks/SwiftUI.framework; sourceTree = SDKROOT; };
/* End PBXFileReference section */

/* Begin PBXFileSystemSynchronizedBuildFileExceptionSet section */
		17BC76162D9DB0E30044649D /* Exceptions for "CoreLaunch" folder in "CoreLaunch" target */ = {
			isa = PBXFileSystemSynchronizedBuildFileExceptionSet;
			membershipExceptions = (
				Info.plist,
			);
			target = 17BC75ED2D9DB0E10044649D /* CoreLaunch */;
		};
/* End PBXFileSystemSynchronizedBuildFileExceptionSet section */

/* Begin PBXFileSystemSynchronizedRootGroup section */
		17BC75F02D9DB0E10044649D /* CoreLaunch */ = {
			isa = PBXFileSystemSynchronizedRootGroup;
			exceptions = (
				17BC76162D9DB0E30044649D /* Exceptions for "CoreLaunch" folder in "CoreLaunch" target */,
			);
			path = CoreLaunch;
			sourceTree = "<group>";
		};
		17BC76072D9DB0E30044649D /* CoreLaunchTests */ = {
			isa = PBXFileSystemSynchronizedRootGroup;
			path = CoreLaunchTests;
			sourceTree = "<group>";
		};
		17BC76112D9DB0E30044649D /* CoreLaunchUITests */ = {
			isa = PBXFileSystemSynchronizedRootGroup;
			path = CoreLaunchUITests;
			sourceTree = "<group>";
		};
/* End PBXFileSystemSynchronizedRootGroup section */

/* Begin PBXFrameworksBuildPhase section */
		17BC75EB2D9DB0E10044649D /* Frameworks */ = {
			isa = PBXFrameworksBuildPhase;
			buildActionMask = 2147483647;
			files = (
				17AA04A42DA0EF1E009F9905 /* StoreKit.framework in Frameworks */,
			);
			runOnlyForDeploymentPostprocessing = 0;
		};
		17BC76012D9DB0E30044649D /* Frameworks */ = {
			isa = PBXFrameworksBuildPhase;
			buildActionMask = 2147483647;
			files = (
			);
			runOnlyForDeploymentPostprocessing = 0;
		};
		17BC760B2D9DB0E30044649D /* Frameworks */ = {
			isa = PBXFrameworksBuildPhase;
			buildActionMask = 2147483647;
			files = (
			);
			runOnlyForDeploymentPostprocessing = 0;
		};
/* End PBXFrameworksBuildPhase section */

/* Begin PBXGroup section */
		17BC75E52D9DB0E10044649D = {
			isa = PBXGroup;
			children = (
				17BC75F02D9DB0E10044649D /* CoreLaunch */,
				17BC76072D9DB0E30044649D /* CoreLaunchTests */,
				17BC76112D9DB0E30044649D /* CoreLaunchUITests */,
				17C97BC02D9F83CE0024F08F /* Frameworks */,
				17BC75EF2D9DB0E10044649D /* Products */,
			);
			sourceTree = "<group>";
		};
		17BC75EF2D9DB0E10044649D /* Products */ = {
			isa = PBXGroup;
			children = (
				17BC75EE2D9DB0E10044649D /* CoreLaunch.app */,
				17BC76042D9DB0E30044649D /* CoreLaunchTests.xctest */,
				17BC760E2D9DB0E30044649D /* CoreLaunchUITests.xctest */,
			);
			name = Products;
			sourceTree = "<group>";
		};
		17C97BC02D9F83CE0024F08F /* Frameworks */ = {
			isa = PBXGroup;
			children = (
				17AA04A32DA0EF1E009F9905 /* StoreKit.framework */,
				17C97BC12D9F83CE0024F08F /* WidgetKit.framework */,
				17C97BC32D9F83CE0024F08F /* SwiftUI.framework */,
			);
			name = Frameworks;
			sourceTree = "<group>";
		};
/* End PBXGroup section */

/* Begin PBXNativeTarget section */
		17BC75ED2D9DB0E10044649D /* CoreLaunch */ = {
			isa = PBXNativeTarget;
			buildConfigurationList = 17BC76172D9DB0E30044649D /* Build configuration list for PBXNativeTarget "CoreLaunch" */;
			buildPhases = (
				17BC75EA2D9DB0E10044649D /* Sources */,
				17BC75EB2D9DB0E10044649D /* Frameworks */,
				17BC75EC2D9DB0E10044649D /* Resources */,
				17C97BDA2D9F83D00024F08F /* Embed Foundation Extensions */,
			);
			buildRules = (
			);
			dependencies = (
			);
			fileSystemSynchronizedGroups = (
				17BC75F02D9DB0E10044649D /* CoreLaunch */,
			);
			name = CoreLaunch;
			packageProductDependencies = (
			);
			productName = CoreLaunch;
			productReference = 17BC75EE2D9DB0E10044649D /* CoreLaunch.app */;
			productType = "com.apple.product-type.application";
		};
		17BC76032D9DB0E30044649D /* CoreLaunchTests */ = {
			isa = PBXNativeTarget;
			buildConfigurationList = 17BC761C2D9DB0E30044649D /* Build configuration list for PBXNativeTarget "CoreLaunchTests" */;
			buildPhases = (
				17BC76002D9DB0E30044649D /* Sources */,
				17BC76012D9DB0E30044649D /* Frameworks */,
				17BC76022D9DB0E30044649D /* Resources */,
			);
			buildRules = (
			);
			dependencies = (
				17BC76062D9DB0E30044649D /* PBXTargetDependency */,
			);
			fileSystemSynchronizedGroups = (
				17BC76072D9DB0E30044649D /* CoreLaunchTests */,
			);
			name = CoreLaunchTests;
			packageProductDependencies = (
			);
			productName = CoreLaunchTests;
			productReference = 17BC76042D9DB0E30044649D /* CoreLaunchTests.xctest */;
			productType = "com.apple.product-type.bundle.unit-test";
		};
		17BC760D2D9DB0E30044649D /* CoreLaunchUITests */ = {
			isa = PBXNativeTarget;
			buildConfigurationList = 17BC761F2D9DB0E30044649D /* Build configuration list for PBXNativeTarget "CoreLaunchUITests" */;
			buildPhases = (
				17BC760A2D9DB0E30044649D /* Sources */,
				17BC760B2D9DB0E30044649D /* Frameworks */,
				17BC760C2D9DB0E30044649D /* Resources */,
			);
			buildRules = (
			);
			dependencies = (
				17BC76102D9DB0E30044649D /* PBXTargetDependency */,
			);
			fileSystemSynchronizedGroups = (
				17BC76112D9DB0E30044649D /* CoreLaunchUITests */,
			);
			name = CoreLaunchUITests;
			packageProductDependencies = (
			);
			productName = CoreLaunchUITests;
			productReference = 17BC760E2D9DB0E30044649D /* CoreLaunchUITests.xctest */;
			productType = "com.apple.product-type.bundle.ui-testing";
		};
/* End PBXNativeTarget section */

/* Begin PBXProject section */
		17BC75E62D9DB0E10044649D /* Project object */ = {
			isa = PBXProject;
			attributes = {
				BuildIndependentTargetsInParallel = 1;
				LastSwiftUpdateCheck = 1630;
				LastUpgradeCheck = 1630;
				TargetAttributes = {
					17BC75ED2D9DB0E10044649D = {
						CreatedOnToolsVersion = 16.3;
					};
					17BC76032D9DB0E30044649D = {
						CreatedOnToolsVersion = 16.3;
						TestTargetID = 17BC75ED2D9DB0E10044649D;
					};
					17BC760D2D9DB0E30044649D = {
						CreatedOnToolsVersion = 16.3;
						TestTargetID = 17BC75ED2D9DB0E10044649D;
					};
				};
			};
			buildConfigurationList = 17BC75E92D9DB0E10044649D /* Build configuration list for PBXProject "CoreLaunch" */;
			developmentRegion = en;
			hasScannedForEncodings = 0;
			knownRegions = (
				en,
				Base,
			);
			mainGroup = 17BC75E52D9DB0E10044649D;
			minimizedProjectReferenceProxies = 1;
			preferredProjectObjectVersion = 77;
			productRefGroup = 17BC75EF2D9DB0E10044649D /* Products */;
			projectDirPath = "";
			projectRoot = "";
			targets = (
				17BC75ED2D9DB0E10044649D /* CoreLaunch */,
				17BC76032D9DB0E30044649D /* CoreLaunchTests */,
				17BC760D2D9DB0E30044649D /* CoreLaunchUITests */,
			);
		};
/* End PBXProject section */

/* Begin PBXResourcesBuildPhase section */
		17BC75EC2D9DB0E10044649D /* Resources */ = {
			isa = PBXResourcesBuildPhase;
			buildActionMask = 2147483647;
			files = (
			);
			runOnlyForDeploymentPostprocessing = 0;
		};
		17BC76022D9DB0E30044649D /* Resources */ = {
			isa = PBXResourcesBuildPhase;
			buildActionMask = 2147483647;
			files = (
			);
			runOnlyForDeploymentPostprocessing = 0;
		};
		17BC760C2D9DB0E30044649D /* Resources */ = {
			isa = PBXResourcesBuildPhase;
			buildActionMask = 2147483647;
			files = (
			);
			runOnlyForDeploymentPostprocessing = 0;
		};
/* End PBXResourcesBuildPhase section */

/* Begin PBXSourcesBuildPhase section */
		17BC75EA2D9DB0E10044649D /* Sources */ = {
			isa = PBXSourcesBuildPhase;
			buildActionMask = 2147483647;
			files = (
			);
			runOnlyForDeploymentPostprocessing = 0;
		};
		17BC76002D9DB0E30044649D /* Sources */ = {
			isa = PBXSourcesBuildPhase;
			buildActionMask = 2147483647;
			files = (
			);
			runOnlyForDeploymentPostprocessing = 0;
		};
		17BC760A2D9DB0E30044649D /* Sources */ = {
			isa = PBXSourcesBuildPhase;
			buildActionMask = 2147483647;
			files = (
			);
			runOnlyForDeploymentPostprocessing = 0;
		};
/* End PBXSourcesBuildPhase section */

/* Begin PBXTargetDependency section */
		17BC76062D9DB0E30044649D /* PBXTargetDependency */ = {
			isa = PBXTargetDependency;
			target = 17BC75ED2D9DB0E10044649D /* CoreLaunch */;
			targetProxy = 17BC76052D9DB0E30044649D /* PBXContainerItemProxy */;
		};
		17BC76102D9DB0E30044649D /* PBXTargetDependency */ = {
			isa = PBXTargetDependency;
			target = 17BC75ED2D9DB0E10044649D /* CoreLaunch */;
			targetProxy = 17BC760F2D9DB0E30044649D /* PBXContainerItemProxy */;
		};
/* End PBXTargetDependency section */

/* Begin XCBuildConfiguration section */
		17BC76182D9DB0E30044649D /* Debug */ = {
			isa = XCBuildConfiguration;
			buildSettings = {
				ASSETCATALOG_COMPILER_APPICON_NAME = AppIcon;
				ASSETCATALOG_COMPILER_GLOBAL_ACCENT_COLOR_NAME = AccentColor;
				CODE_SIGN_IDENTITY = "Apple Development";
				CODE_SIGN_STYLE = Automatic;
				CURRENT_PROJECT_VERSION = 1;
				DEVELOPMENT_TEAM = GVCXLUMS72;
				GENERATE_INFOPLIST_FILE = YES;
				INFOPLIST_FILE = CoreLaunch/Info.plist;
				INFOPLIST_KEY_LSApplicationCategoryType = "public.app-category.productivity";
				INFOPLIST_KEY_NSCameraUsageDescription = "Camera access is needed to scan theme QR codes";
				INFOPLIST_KEY_NSPhotoLibraryAddUsageDescription = "Permission is needed to save theme QR codes to your photo library";
				INFOPLIST_KEY_NSPhotoLibraryUsageDescription = "Photo library access is needed to save and import theme QR codes";
				INFOPLIST_KEY_UIApplicationSupportsIndirectInputEvents = YES;
				INFOPLIST_KEY_UILaunchStoryboardName = LaunchScreen;
				INFOPLIST_KEY_UISupportedInterfaceOrientations = "UIInterfaceOrientationLandscapeLeft UIInterfaceOrientationLandscapeRight UIInterfaceOrientationPortrait UIInterfaceOrientationPortraitUpsideDown";
				INFOPLIST_KEY_UIUserInterfaceStyle = Automatic;
				IPHONEOS_DEPLOYMENT_TARGET = 15.6;
				LD_RUNPATH_SEARCH_PATHS = (
					"$(inherited)",
					"@executable_path/Frameworks",
				);
				MARKETING_VERSION = 1.0;
				PRODUCT_BUNDLE_IDENTIFIER = com.newatlantisstudios.corelaunch;
				PRODUCT_NAME = "$(TARGET_NAME)";
				PROVISIONING_PROFILE_SPECIFIER = "";
				SUPPORTED_PLATFORMS = "iphoneos iphonesimulator";
				SUPPORTS_MACCATALYST = NO;
				SUPPORTS_MAC_DESIGNED_FOR_IPHONE_IPAD = NO;
				SUPPORTS_XR_DESIGNED_FOR_IPHONE_IPAD = NO;
				SWIFT_EMIT_LOC_STRINGS = YES;
				SWIFT_VERSION = 5.0;
				TARGETED_DEVICE_FAMILY = 1;
			};
			name = Debug;
		};
		17BC76192D9DB0E30044649D /* Release */ = {
			isa = XCBuildConfiguration;
			buildSettings = {
				ASSETCATALOG_COMPILER_APPICON_NAME = AppIcon;
				ASSETCATALOG_COMPILER_GLOBAL_ACCENT_COLOR_NAME = AccentColor;
				CODE_SIGN_IDENTITY = "Apple Development";
				CODE_SIGN_STYLE = Automatic;
				CURRENT_PROJECT_VERSION = 1;
				DEVELOPMENT_TEAM = GVCXLUMS72;
				GENERATE_INFOPLIST_FILE = YES;
				INFOPLIST_FILE = CoreLaunch/Info.plist;
				INFOPLIST_KEY_LSApplicationCategoryType = "public.app-category.productivity";
				INFOPLIST_KEY_NSCameraUsageDescription = "Camera access is needed to scan theme QR codes";
				INFOPLIST_KEY_NSPhotoLibraryAddUsageDescription = "Permission is needed to save theme QR codes to your photo library";
				INFOPLIST_KEY_NSPhotoLibraryUsageDescription = "Photo library access is needed to save and import theme QR codes";
				INFOPLIST_KEY_UIApplicationSupportsIndirectInputEvents = YES;
				INFOPLIST_KEY_UILaunchStoryboardName = LaunchScreen;
				INFOPLIST_KEY_UISupportedInterfaceOrientations = "UIInterfaceOrientationLandscapeLeft UIInterfaceOrientationLandscapeRight UIInterfaceOrientationPortrait UIInterfaceOrientationPortraitUpsideDown";
				INFOPLIST_KEY_UIUserInterfaceStyle = Automatic;
				IPHONEOS_DEPLOYMENT_TARGET = 15.6;
				LD_RUNPATH_SEARCH_PATHS = (
					"$(inherited)",
					"@executable_path/Frameworks",
				);
				MARKETING_VERSION = 1.0;
				PRODUCT_BUNDLE_IDENTIFIER = com.newatlantisstudios.corelaunch;
				PRODUCT_NAME = "$(TARGET_NAME)";
				PROVISIONING_PROFILE_SPECIFIER = "";
				SUPPORTED_PLATFORMS = "iphoneos iphonesimulator";
				SUPPORTS_MACCATALYST = NO;
				SUPPORTS_MAC_DESIGNED_FOR_IPHONE_IPAD = NO;
				SUPPORTS_XR_DESIGNED_FOR_IPHONE_IPAD = NO;
				SWIFT_EMIT_LOC_STRINGS = YES;
				SWIFT_VERSION = 5.0;
				TARGETED_DEVICE_FAMILY = 1;
			};
			name = Release;
		};
		17BC761A2D9DB0E30044649D /* Debug */ = {
			isa = XCBuildConfiguration;
			buildSettings = {
				ALWAYS_SEARCH_USER_PATHS = NO;
				ASSETCATALOG_COMPILER_GENERATE_SWIFT_ASSET_SYMBOL_EXTENSIONS = YES;
				CLANG_ANALYZER_NONNULL = YES;
				CLANG_ANALYZER_NUMBER_OBJECT_CONVERSION = YES_AGGRESSIVE;
				CLANG_CXX_LANGUAGE_STANDARD = "gnu++20";
				CLANG_ENABLE_MODULES = YES;
				CLANG_ENABLE_OBJC_ARC = YES;
				CLANG_ENABLE_OBJC_WEAK = YES;
				CLANG_WARN_BLOCK_CAPTURE_AUTORELEASING = YES;
				CLANG_WARN_BOOL_CONVERSION = YES;
				CLANG_WARN_COMMA = YES;
				CLANG_WARN_CONSTANT_CONVERSION = YES;
				CLANG_WARN_DEPRECATED_OBJC_IMPLEMENTATIONS = YES;
				CLANG_WARN_DIRECT_OBJC_ISA_USAGE = YES_ERROR;
				CLANG_WARN_DOCUMENTATION_COMMENTS = YES;
				CLANG_WARN_EMPTY_BODY = YES;
				CLANG_WARN_ENUM_CONVERSION = YES;
				CLANG_WARN_INFINITE_RECURSION = YES;
				CLANG_WARN_INT_CONVERSION = YES;
				CLANG_WARN_NON_LITERAL_NULL_CONVERSION = YES;
				CLANG_WARN_OBJC_IMPLICIT_RETAIN_SELF = YES;
				CLANG_WARN_OBJC_LITERAL_CONVERSION = YES;
				CLANG_WARN_OBJC_ROOT_CLASS = YES_ERROR;
				CLANG_WARN_QUOTED_INCLUDE_IN_FRAMEWORK_HEADER = YES;
				CLANG_WARN_RANGE_LOOP_ANALYSIS = YES;
				CLANG_WARN_STRICT_PROTOTYPES = YES;
				CLANG_WARN_SUSPICIOUS_MOVE = YES;
				CLANG_WARN_UNGUARDED_AVAILABILITY = YES_AGGRESSIVE;
				CLANG_WARN_UNREACHABLE_CODE = YES;
				CLANG_WARN__DUPLICATE_METHOD_MATCH = YES;
				COPY_PHASE_STRIP = NO;
				DEBUG_INFORMATION_FORMAT = dwarf;
				DEVELOPMENT_TEAM = GVCXLUMS72;
				ENABLE_STRICT_OBJC_MSGSEND = YES;
				ENABLE_TESTABILITY = YES;
				ENABLE_USER_SCRIPT_SANDBOXING = YES;
				GCC_C_LANGUAGE_STANDARD = gnu17;
				GCC_DYNAMIC_NO_PIC = NO;
				GCC_NO_COMMON_BLOCKS = YES;
				GCC_OPTIMIZATION_LEVEL = 0;
				GCC_PREPROCESSOR_DEFINITIONS = (
					"DEBUG=1",
					"$(inherited)",
				);
				GCC_WARN_64_TO_32_BIT_CONVERSION = YES;
				GCC_WARN_ABOUT_RETURN_TYPE = YES_ERROR;
				GCC_WARN_UNDECLARED_SELECTOR = YES;
				GCC_WARN_UNINITIALIZED_AUTOS = YES_AGGRESSIVE;
				GCC_WARN_UNUSED_FUNCTION = YES;
				GCC_WARN_UNUSED_VARIABLE = YES;
				IPHONEOS_DEPLOYMENT_TARGET = 18.4;
				LOCALIZATION_PREFERS_STRING_CATALOGS = YES;
				MTL_ENABLE_DEBUG_INFO = INCLUDE_SOURCE;
				MTL_FAST_MATH = YES;
				ONLY_ACTIVE_ARCH = YES;
				SDKROOT = iphoneos;
				SWIFT_ACTIVE_COMPILATION_CONDITIONS = "DEBUG $(inherited)";
				SWIFT_OPTIMIZATION_LEVEL = "-Onone";
			};
			name = Debug;
		};
		17BC761B2D9DB0E30044649D /* Release */ = {
			isa = XCBuildConfiguration;
			buildSettings = {
				ALWAYS_SEARCH_USER_PATHS = NO;
				ASSETCATALOG_COMPILER_GENERATE_SWIFT_ASSET_SYMBOL_EXTENSIONS = YES;
				CLANG_ANALYZER_NONNULL = YES;
				CLANG_ANALYZER_NUMBER_OBJECT_CONVERSION = YES_AGGRESSIVE;
				CLANG_CXX_LANGUAGE_STANDARD = "gnu++20";
				CLANG_ENABLE_MODULES = YES;
				CLANG_ENABLE_OBJC_ARC = YES;
				CLANG_ENABLE_OBJC_WEAK = YES;
				CLANG_WARN_BLOCK_CAPTURE_AUTORELEASING = YES;
				CLANG_WARN_BOOL_CONVERSION = YES;
				CLANG_WARN_COMMA = YES;
				CLANG_WARN_CONSTANT_CONVERSION = YES;
				CLANG_WARN_DEPRECATED_OBJC_IMPLEMENTATIONS = YES;
				CLANG_WARN_DIRECT_OBJC_ISA_USAGE = YES_ERROR;
				CLANG_WARN_DOCUMENTATION_COMMENTS = YES;
				CLANG_WARN_EMPTY_BODY = YES;
				CLANG_WARN_ENUM_CONVERSION = YES;
				CLANG_WARN_INFINITE_RECURSION = YES;
				CLANG_WARN_INT_CONVERSION = YES;
				CLANG_WARN_NON_LITERAL_NULL_CONVERSION = YES;
				CLANG_WARN_OBJC_IMPLICIT_RETAIN_SELF = YES;
				CLANG_WARN_OBJC_LITERAL_CONVERSION = YES;
				CLANG_WARN_OBJC_ROOT_CLASS = YES_ERROR;
				CLANG_WARN_QUOTED_INCLUDE_IN_FRAMEWORK_HEADER = YES;
				CLANG_WARN_RANGE_LOOP_ANALYSIS = YES;
				CLANG_WARN_STRICT_PROTOTYPES = YES;
				CLANG_WARN_SUSPICIOUS_MOVE = YES;
				CLANG_WARN_UNGUARDED_AVAILABILITY = YES_AGGRESSIVE;
				CLANG_WARN_UNREACHABLE_CODE = YES;
				CLANG_WARN__DUPLICATE_METHOD_MATCH = YES;
				COPY_PHASE_STRIP = NO;
				DEBUG_INFORMATION_FORMAT = "dwarf-with-dsym";
				DEVELOPMENT_TEAM = GVCXLUMS72;
				ENABLE_NS_ASSERTIONS = NO;
				ENABLE_STRICT_OBJC_MSGSEND = YES;
				ENABLE_USER_SCRIPT_SANDBOXING = YES;
				GCC_C_LANGUAGE_STANDARD = gnu17;
				GCC_NO_COMMON_BLOCKS = YES;
				GCC_WARN_64_TO_32_BIT_CONVERSION = YES;
				GCC_WARN_ABOUT_RETURN_TYPE = YES_ERROR;
				GCC_WARN_UNDECLARED_SELECTOR = YES;
				GCC_WARN_UNINITIALIZED_AUTOS = YES_AGGRESSIVE;
				GCC_WARN_UNUSED_FUNCTION = YES;
				GCC_WARN_UNUSED_VARIABLE = YES;
				IPHONEOS_DEPLOYMENT_TARGET = 18.4;
				LOCALIZATION_PREFERS_STRING_CATALOGS = YES;
				MTL_ENABLE_DEBUG_INFO = NO;
				MTL_FAST_MATH = YES;
				SDKROOT = iphoneos;
				SWIFT_COMPILATION_MODE = wholemodule;
				VALIDATE_PRODUCT = YES;
			};
			name = Release;
		};
		17BC761D2D9DB0E30044649D /* Debug */ = {
			isa = XCBuildConfiguration;
			buildSettings = {
				BUNDLE_LOADER = "$(TEST_HOST)";
				CODE_SIGN_STYLE = Automatic;
				CURRENT_PROJECT_VERSION = 1;
				DEVELOPMENT_TEAM = GVCXLUMS72;
				GENERATE_INFOPLIST_FILE = YES;
				IPHONEOS_DEPLOYMENT_TARGET = 18.4;
				MARKETING_VERSION = 1.0;
				PRODUCT_BUNDLE_IDENTIFIER = com.newatlantisstudios.CoreLaunchTests;
				PRODUCT_NAME = "$(TARGET_NAME)";
				SWIFT_EMIT_LOC_STRINGS = NO;
				SWIFT_VERSION = 5.0;
				TARGETED_DEVICE_FAMILY = "1,2";
				TEST_HOST = "$(BUILT_PRODUCTS_DIR)/CoreLaunch.app/$(BUNDLE_EXECUTABLE_FOLDER_PATH)/CoreLaunch";
			};
			name = Debug;
		};
		17BC761E2D9DB0E30044649D /* Release */ = {
			isa = XCBuildConfiguration;
			buildSettings = {
				BUNDLE_LOADER = "$(TEST_HOST)";
				CODE_SIGN_STYLE = Automatic;
				CURRENT_PROJECT_VERSION = 1;
				DEVELOPMENT_TEAM = GVCXLUMS72;
				GENERATE_INFOPLIST_FILE = YES;
				IPHONEOS_DEPLOYMENT_TARGET = 18.4;
				MARKETING_VERSION = 1.0;
				PRODUCT_BUNDLE_IDENTIFIER = com.newatlantisstudios.CoreLaunchTests;
				PRODUCT_NAME = "$(TARGET_NAME)";
				SWIFT_EMIT_LOC_STRINGS = NO;
				SWIFT_VERSION = 5.0;
				TARGETED_DEVICE_FAMILY = "1,2";
				TEST_HOST = "$(BUILT_PRODUCTS_DIR)/CoreLaunch.app/$(BUNDLE_EXECUTABLE_FOLDER_PATH)/CoreLaunch";
			};
			name = Release;
		};
		17BC76202D9DB0E30044649D /* Debug */ = {
			isa = XCBuildConfiguration;
			buildSettings = {
				CODE_SIGN_STYLE = Automatic;
				CURRENT_PROJECT_VERSION = 1;
				DEVELOPMENT_TEAM = GVCXLUMS72;
				GENERATE_INFOPLIST_FILE = YES;
				MARKETING_VERSION = 1.0;
				PRODUCT_BUNDLE_IDENTIFIER = com.newatlantisstudios.CoreLaunchUITests;
				PRODUCT_NAME = "$(TARGET_NAME)";
				SWIFT_EMIT_LOC_STRINGS = NO;
				SWIFT_VERSION = 5.0;
				TARGETED_DEVICE_FAMILY = "1,2";
				TEST_TARGET_NAME = CoreLaunch;
			};
			name = Debug;
		};
		17BC76212D9DB0E30044649D /* Release */ = {
			isa = XCBuildConfiguration;
			buildSettings = {
				CODE_SIGN_STYLE = Automatic;
				CURRENT_PROJECT_VERSION = 1;
				DEVELOPMENT_TEAM = GVCXLUMS72;
				GENERATE_INFOPLIST_FILE = YES;
				MARKETING_VERSION = 1.0;
				PRODUCT_BUNDLE_IDENTIFIER = com.newatlantisstudios.CoreLaunchUITests;
				PRODUCT_NAME = "$(TARGET_NAME)";
				SWIFT_EMIT_LOC_STRINGS = NO;
				SWIFT_VERSION = 5.0;
				TARGETED_DEVICE_FAMILY = "1,2";
				TEST_TARGET_NAME = CoreLaunch;
			};
			name = Release;
		};
/* End XCBuildConfiguration section */

/* Begin XCConfigurationList section */
		17BC75E92D9DB0E10044649D /* Build configuration list for PBXProject "CoreLaunch" */ = {
			isa = XCConfigurationList;
			buildConfigurations = (
				17BC761A2D9DB0E30044649D /* Debug */,
				17BC761B2D9DB0E30044649D /* Release */,
			);
			defaultConfigurationIsVisible = 0;
			defaultConfigurationName = Release;
		};
		17BC76172D9DB0E30044649D /* Build configuration list for PBXNativeTarget "CoreLaunch" */ = {
			isa = XCConfigurationList;
			buildConfigurations = (
				17BC76182D9DB0E30044649D /* Debug */,
				17BC76192D9DB0E30044649D /* Release */,
			);
			defaultConfigurationIsVisible = 0;
			defaultConfigurationName = Release;
		};
		17BC761C2D9DB0E30044649D /* Build configuration list for PBXNativeTarget "CoreLaunchTests" */ = {
			isa = XCConfigurationList;
			buildConfigurations = (
				17BC761D2D9DB0E30044649D /* Debug */,
				17BC761E2D9DB0E30044649D /* Release */,
			);
			defaultConfigurationIsVisible = 0;
			defaultConfigurationName = Release;
		};
		17BC761F2D9DB0E30044649D /* Build configuration list for PBXNativeTarget "CoreLaunchUITests" */ = {
			isa = XCConfigurationList;
			buildConfigurations = (
				17BC76202D9DB0E30044649D /* Debug */,
				17BC76212D9DB0E30044649D /* Release */,
			);
			defaultConfigurationIsVisible = 0;
			defaultConfigurationName = Release;
		};
/* End XCConfigurationList section */
	};
	rootObject = 17BC75E62D9DB0E10044649D /* Project object */;
}
